
Microsoft Visual Studio Solution File, Format Version 12.00
# Visual Studio Version 17
VisualStudioVersion = 17.11.35208.52
MinimumVisualStudioVersion = 10.0.40219.1
Project("{FAE04EC0-301F-11D3-BF4B-00C04F79EFBC}") = "Learning C#", "Learning C#\Learning C#.csproj", "{570F0DF4-B344-42CA-A774-63A9ABB2E922}"
EndProject
Global
	GlobalSection(SolutionConfigurationPlatforms) = preSolution
		Debug|Any CPU = Debug|Any CPU
		Release|Any CPU = Release|Any CPU
	EndGlobalSection
	GlobalSection(ProjectConfigurationPlatforms) = postSolution
		{570F0DF4-B344-42CA-A774-63A9ABB2E922}.Debug|Any CPU.ActiveCfg = Debug|Any CPU
		{570F0DF4-B344-42CA-A774-63A9ABB2E922}.Debug|Any CPU.Build.0 = Debug|Any CPU
		{570F0DF4-B344-42CA-A774-63A9ABB2E922}.Release|Any CPU.ActiveCfg = Release|Any CPU
		{570F0DF4-B344-42CA-A774-63A9ABB2E922}.Release|Any CPU.Build.0 = Release|Any CPU
	EndGlobalSection
	GlobalSection(SolutionProperties) = preSolution
		HideSolutionNode = FALSE
	EndGlobalSection
	GlobalSection(ExtensibilityGlobals) = postSolution
		SolutionGuid = {FC6773DB-D7AA-4C3A-99A2-925CB7F92157}
	EndGlobalSection
EndGlobal
